
Microsoft Visual Studio Solution File, Format Version 12.00
# Visual Studio Version 16
VisualStudioVersion = 16.0.29806.167
MinimumVisualStudioVersion = 10.0.40219.1
Project("{8BC9CEB8-8B4A-11D0-8D11-00A0C91BC942}") = "glad", "glad.vcxproj", "{2AA11262-E6AE-4290-83B7-8E7EC576315E}"
EndProject
Global
	GlobalSection(SolutionConfigurationPlatforms) = preSolution
		Debug|x64 = Debug|x64
		Debug|x86 = Debug|x86
		Release|x64 = Release|x64
		Release|x86 = Release|x86
	EndGlobalSection
	GlobalSection(ProjectConfigurationPlatforms) = postSolution
		{2AA11262-E6AE-4290-83B7-8E7EC576315E}.Debug|x64.ActiveCfg = Debug|x64
		{2AA11262-E6AE-4290-83B7-8E7EC576315E}.Debug|x64.Build.0 = Debug|x64
		{2AA11262-E6AE-4290-83B7-8E7EC576315E}.Debug|x86.ActiveCfg = Debug|Win32
		{2AA11262-E6AE-4290-83B7-8E7EC576315E}.Debug|x86.Build.0 = Debug|Win32
		{2AA11262-E6AE-4290-83B7-8E7EC576315E}.Release|x64.ActiveCfg = Release|x64
		{2AA11262-E6AE-4290-83B7-8E7EC576315E}.Release|x64.Build.0 = Release|x64
		{2AA11262-E6AE-4290-83B7-8E7EC576315E}.Release|x86.ActiveCfg = Release|Win32
		{2AA11262-E6AE-4290-83B7-8E7EC576315E}.Release|x86.Build.0 = Release|Win32
	EndGlobalSection
	GlobalSection(SolutionProperties) = preSolution
		HideSolutionNode = FALSE
	EndGlobalSection
	GlobalSection(ExtensibilityGlobals) = postSolution
		SolutionGuid = {079FD782-BA53-4A18-87F6-E60471C8C8B4}
	EndGlobalSection
EndGlobal
