
Microsoft Visual Studio Solution File, Format Version 12.00
# Visual Studio Version 16
VisualStudioVersion = 16.0.33801.447
MinimumVisualStudioVersion = 10.0.40219.1
Project("{8BC9CEB8-8B4A-11D0-8D11-00A0C91BC942}") = "1.getting_started__1.1.hello_window", "1.getting_started__1.1.hello_window\1.getting_started__1.1.hello_window.vcxproj", "{9E958266-0D43-4DE0-8B2A-7E2A1EF095D7}"
EndProject
Project("{8BC9CEB8-8B4A-11D0-8D11-00A0C91BC942}") = "glad", "glad\glad.vcxproj", "{2AA11262-E6AE-4290-83B7-8E7EC576315E}"
EndProject
Project("{8BC9CEB8-8B4A-11D0-8D11-00A0C91BC942}") = "1.getting_started__1.2.hello_window_clear", "1.getting_started__1.2.hello_window_clear\1.getting_started__1.2.hello_window_clear.vcxproj", "{9F88A813-B4EA-4B43-9739-89731FED60AD}"
EndProject
Project("{8BC9CEB8-8B4A-11D0-8D11-00A0C91BC942}") = "1.getting_started__2.1.hello_triangle", "1.getting_started__2.1.hello_triangle\1.getting_started__2.1.hello_triangle.vcxproj", "{6E7BE903-8568-416A-BCA0-B22B1CC5676A}"
EndProject
Project("{8BC9CEB8-8B4A-11D0-8D11-00A0C91BC942}") = "1.getting_started__2.2.hello_triangle_indexed", "1.getting_started__2.2.hello_triangle_indexed\1.getting_started__2.2.hello_triangle_indexed.vcxproj", "{72D677A3-2796-4269-94D9-680960F29053}"
EndProject
Project("{8BC9CEB8-8B4A-11D0-8D11-00A0C91BC942}") = "1.getting_started__2.3.hello_triangle_exercise1", "1.getting_started__2.3.hello_triangle_exercise1\1.getting_started__2.3.hello_triangle_exercise1.vcxproj", "{44720C17-677F-4DB1-904D-454B4AED836D}"
EndProject
Project("{8BC9CEB8-8B4A-11D0-8D11-00A0C91BC942}") = "1.getting_started__2.4.hello_triangle_exercise2", "1.getting_started__2.4.hello_triangle_exercise2\1.getting_started__2.4.hello_triangle_exercise2.vcxproj", "{4BF9F96D-160A-4B19-9C96-7234825CD07F}"
EndProject
Project("{8BC9CEB8-8B4A-11D0-8D11-00A0C91BC942}") = "1.getting_started__2.4.hello_triangle_exercise3", "1.getting_started__2.4.hello_triangle_exercise3\1.getting_started__2.4.hello_triangle_exercise3.vcxproj", "{299099C1-E1A4-4A17-A705-55BFB869806C}"
EndProject
Project("{8BC9CEB8-8B4A-11D0-8D11-00A0C91BC942}") = "1.getting_started__3.1.shaders_uniform", "1.getting_started__3.1.shaders_uniform\1.getting_started__3.1.shaders_uniform.vcxproj", "{D72738E2-AC6B-4E72-8144-99EACEAE3819}"
EndProject
Project("{8BC9CEB8-8B4A-11D0-8D11-00A0C91BC942}") = "1.getting_started__3.2.shaders_interpolation", "1.getting_started__3.2.shaders_interpolation\1.getting_started__3.2.shaders_interpolation.vcxproj", "{2C85B1C9-4F5B-4B0F-B27A-40CAA367F64B}"
EndProject
Project("{8BC9CEB8-8B4A-11D0-8D11-00A0C91BC942}") = "1.getting_started__3.3.shaders_class", "1.getting_started__3.3.shaders_class\1.getting_started__3.3.shaders_class.vcxproj", "{8986B236-F596-4078-A070-4B4B16794CED}"
EndProject
Project("{8BC9CEB8-8B4A-11D0-8D11-00A0C91BC942}") = "1.getting_started__4.1.textures", "1.getting_started__4.1.textures\1.getting_started__4.1.textures.vcxproj", "{B6F0B7BD-F759-4C63-BB64-477AF6DD03B5}"
EndProject
Project("{8BC9CEB8-8B4A-11D0-8D11-00A0C91BC942}") = "1.getting_started__4.2.textures_combined", "1.getting_started__4.2.textures_combined\1.getting_started__4.2.textures_combined.vcxproj", "{6DE5FB40-6829-4088-ADDD-76D803C55E3F}"
EndProject
Project("{8BC9CEB8-8B4A-11D0-8D11-00A0C91BC942}") = "1.getting_started__4.3.textures_combined1", "1.getting_started__4.3.textures_combined1\1.getting_started__4.3.textures_combined1.vcxproj", "{044FBFD9-31F5-4D46-BA51-9A7D3541B93D}"
EndProject
Project("{8BC9CEB8-8B4A-11D0-8D11-00A0C91BC942}") = "1.getting_started__4.4.textures_exercise2", "1.getting_started__4.4.textures_exercise2\1.getting_started__4.4.textures_exercise2.vcxproj", "{1FB1FBE7-308D-4059-9DA4-39696FE0F163}"
EndProject
Project("{8BC9CEB8-8B4A-11D0-8D11-00A0C91BC942}") = "1.getting_started__4.5.textures_exercise3", "1.getting_started__4.5.textures_exercise3\1.getting_started__4.5.textures_exercise3.vcxproj", "{A4EA1B13-9E28-4165-8904-94804D1942B5}"
EndProject
Project("{8BC9CEB8-8B4A-11D0-8D11-00A0C91BC942}") = "1.getting_started__4.6.textures_exercise4", "1.getting_started__4.6.textures_exercise4\1.getting_started__4.6.textures_exercise4.vcxproj", "{28A96AD2-D11F-4EA8-9C6F-871E87AD936A}"
EndProject
Project("{8BC9CEB8-8B4A-11D0-8D11-00A0C91BC942}") = "1.getting_started__5.1.transformations", "1.getting_started__5.1.transformations\1.getting_started__5.1.transformations.vcxproj", "{21F4D7CD-58AC-40AB-945C-B5B399F960A2}"
EndProject
Project("{8BC9CEB8-8B4A-11D0-8D11-00A0C91BC942}") = "1.getting_started__5.2.transformations_exercise1", "1.getting_started__5.2.transformations_exercise1\1.getting_started__5.2.transformations_exercise1.vcxproj", "{AC3F83E1-5E96-489C-B0CA-B050756CD0AA}"
EndProject
Project("{8BC9CEB8-8B4A-11D0-8D11-00A0C91BC942}") = "1.getting_started__5.2.transformations_exercise2", "1.getting_started__5.2.transformations_exercise2\1.getting_started__5.2.transformations_exercise2.vcxproj", "{D66778F1-D700-44A0-A071-A0D9D2BECF2A}"
EndProject
Global
	GlobalSection(SolutionConfigurationPlatforms) = preSolution
		Debug|x64 = Debug|x64
		Debug|x86 = Debug|x86
		Release|x64 = Release|x64
		Release|x86 = Release|x86
	EndGlobalSection
	GlobalSection(ProjectConfigurationPlatforms) = postSolution
		{9E958266-0D43-4DE0-8B2A-7E2A1EF095D7}.Debug|x64.ActiveCfg = Debug|x64
		{9E958266-0D43-4DE0-8B2A-7E2A1EF095D7}.Debug|x64.Build.0 = Debug|x64
		{9E958266-0D43-4DE0-8B2A-7E2A1EF095D7}.Debug|x86.ActiveCfg = Debug|Win32
		{9E958266-0D43-4DE0-8B2A-7E2A1EF095D7}.Debug|x86.Build.0 = Debug|Win32
		{9E958266-0D43-4DE0-8B2A-7E2A1EF095D7}.Release|x64.ActiveCfg = Release|x64
		{9E958266-0D43-4DE0-8B2A-7E2A1EF095D7}.Release|x64.Build.0 = Release|x64
		{9E958266-0D43-4DE0-8B2A-7E2A1EF095D7}.Release|x86.ActiveCfg = Release|Win32
		{9E958266-0D43-4DE0-8B2A-7E2A1EF095D7}.Release|x86.Build.0 = Release|Win32
		{2AA11262-E6AE-4290-83B7-8E7EC576315E}.Debug|x64.ActiveCfg = Debug|x64
		{2AA11262-E6AE-4290-83B7-8E7EC576315E}.Debug|x64.Build.0 = Debug|x64
		{2AA11262-E6AE-4290-83B7-8E7EC576315E}.Debug|x86.ActiveCfg = Debug|Win32
		{2AA11262-E6AE-4290-83B7-8E7EC576315E}.Debug|x86.Build.0 = Debug|Win32
		{2AA11262-E6AE-4290-83B7-8E7EC576315E}.Release|x64.ActiveCfg = Release|x64
		{2AA11262-E6AE-4290-83B7-8E7EC576315E}.Release|x64.Build.0 = Release|x64
		{2AA11262-E6AE-4290-83B7-8E7EC576315E}.Release|x86.ActiveCfg = Release|Win32
		{2AA11262-E6AE-4290-83B7-8E7EC576315E}.Release|x86.Build.0 = Release|Win32
		{9F88A813-B4EA-4B43-9739-89731FED60AD}.Debug|x64.ActiveCfg = Debug|x64
		{9F88A813-B4EA-4B43-9739-89731FED60AD}.Debug|x64.Build.0 = Debug|x64
		{9F88A813-B4EA-4B43-9739-89731FED60AD}.Debug|x86.ActiveCfg = Debug|Win32
		{9F88A813-B4EA-4B43-9739-89731FED60AD}.Debug|x86.Build.0 = Debug|Win32
		{9F88A813-B4EA-4B43-9739-89731FED60AD}.Release|x64.ActiveCfg = Release|x64
		{9F88A813-B4EA-4B43-9739-89731FED60AD}.Release|x64.Build.0 = Release|x64
		{9F88A813-B4EA-4B43-9739-89731FED60AD}.Release|x86.ActiveCfg = Release|Win32
		{9F88A813-B4EA-4B43-9739-89731FED60AD}.Release|x86.Build.0 = Release|Win32
		{6E7BE903-8568-416A-BCA0-B22B1CC5676A}.Debug|x64.ActiveCfg = Debug|x64
		{6E7BE903-8568-416A-BCA0-B22B1CC5676A}.Debug|x64.Build.0 = Debug|x64
		{6E7BE903-8568-416A-BCA0-B22B1CC5676A}.Debug|x86.ActiveCfg = Debug|Win32
		{6E7BE903-8568-416A-BCA0-B22B1CC5676A}.Debug|x86.Build.0 = Debug|Win32
		{6E7BE903-8568-416A-BCA0-B22B1CC5676A}.Release|x64.ActiveCfg = Release|x64
		{6E7BE903-8568-416A-BCA0-B22B1CC5676A}.Release|x64.Build.0 = Release|x64
		{6E7BE903-8568-416A-BCA0-B22B1CC5676A}.Release|x86.ActiveCfg = Release|Win32
		{6E7BE903-8568-416A-BCA0-B22B1CC5676A}.Release|x86.Build.0 = Release|Win32
		{72D677A3-2796-4269-94D9-680960F29053}.Debug|x64.ActiveCfg = Debug|x64
		{72D677A3-2796-4269-94D9-680960F29053}.Debug|x64.Build.0 = Debug|x64
		{72D677A3-2796-4269-94D9-680960F29053}.Debug|x86.ActiveCfg = Debug|Win32
		{72D677A3-2796-4269-94D9-680960F29053}.Debug|x86.Build.0 = Debug|Win32
		{72D677A3-2796-4269-94D9-680960F29053}.Release|x64.ActiveCfg = Release|x64
		{72D677A3-2796-4269-94D9-680960F29053}.Release|x64.Build.0 = Release|x64
		{72D677A3-2796-4269-94D9-680960F29053}.Release|x86.ActiveCfg = Release|Win32
		{72D677A3-2796-4269-94D9-680960F29053}.Release|x86.Build.0 = Release|Win32
		{44720C17-677F-4DB1-904D-454B4AED836D}.Debug|x64.ActiveCfg = Debug|x64
		{44720C17-677F-4DB1-904D-454B4AED836D}.Debug|x64.Build.0 = Debug|x64
		{44720C17-677F-4DB1-904D-454B4AED836D}.Debug|x86.ActiveCfg = Debug|Win32
		{44720C17-677F-4DB1-904D-454B4AED836D}.Debug|x86.Build.0 = Debug|Win32
		{44720C17-677F-4DB1-904D-454B4AED836D}.Release|x64.ActiveCfg = Release|x64
		{44720C17-677F-4DB1-904D-454B4AED836D}.Release|x64.Build.0 = Release|x64
		{44720C17-677F-4DB1-904D-454B4AED836D}.Release|x86.ActiveCfg = Release|Win32
		{44720C17-677F-4DB1-904D-454B4AED836D}.Release|x86.Build.0 = Release|Win32
		{4BF9F96D-160A-4B19-9C96-7234825CD07F}.Debug|x64.ActiveCfg = Debug|x64
		{4BF9F96D-160A-4B19-9C96-7234825CD07F}.Debug|x64.Build.0 = Debug|x64
		{4BF9F96D-160A-4B19-9C96-7234825CD07F}.Debug|x86.ActiveCfg = Debug|Win32
		{4BF9F96D-160A-4B19-9C96-7234825CD07F}.Debug|x86.Build.0 = Debug|Win32
		{4BF9F96D-160A-4B19-9C96-7234825CD07F}.Release|x64.ActiveCfg = Release|x64
		{4BF9F96D-160A-4B19-9C96-7234825CD07F}.Release|x64.Build.0 = Release|x64
		{4BF9F96D-160A-4B19-9C96-7234825CD07F}.Release|x86.ActiveCfg = Release|Win32
		{4BF9F96D-160A-4B19-9C96-7234825CD07F}.Release|x86.Build.0 = Release|Win32
		{299099C1-E1A4-4A17-A705-55BFB869806C}.Debug|x64.ActiveCfg = Debug|x64
		{299099C1-E1A4-4A17-A705-55BFB869806C}.Debug|x64.Build.0 = Debug|x64
		{299099C1-E1A4-4A17-A705-55BFB869806C}.Debug|x86.ActiveCfg = Debug|Win32
		{299099C1-E1A4-4A17-A705-55BFB869806C}.Debug|x86.Build.0 = Debug|Win32
		{299099C1-E1A4-4A17-A705-55BFB869806C}.Release|x64.ActiveCfg = Release|x64
		{299099C1-E1A4-4A17-A705-55BFB869806C}.Release|x64.Build.0 = Release|x64
		{299099C1-E1A4-4A17-A705-55BFB869806C}.Release|x86.ActiveCfg = Release|Win32
		{299099C1-E1A4-4A17-A705-55BFB869806C}.Release|x86.Build.0 = Release|Win32
		{D72738E2-AC6B-4E72-8144-99EACEAE3819}.Debug|x64.ActiveCfg = Debug|x64
		{D72738E2-AC6B-4E72-8144-99EACEAE3819}.Debug|x64.Build.0 = Debug|x64
		{D72738E2-AC6B-4E72-8144-99EACEAE3819}.Debug|x86.ActiveCfg = Debug|Win32
		{D72738E2-AC6B-4E72-8144-99EACEAE3819}.Debug|x86.Build.0 = Debug|Win32
		{D72738E2-AC6B-4E72-8144-99EACEAE3819}.Release|x64.ActiveCfg = Release|x64
		{D72738E2-AC6B-4E72-8144-99EACEAE3819}.Release|x64.Build.0 = Release|x64
		{D72738E2-AC6B-4E72-8144-99EACEAE3819}.Release|x86.ActiveCfg = Release|Win32
		{D72738E2-AC6B-4E72-8144-99EACEAE3819}.Release|x86.Build.0 = Release|Win32
		{2C85B1C9-4F5B-4B0F-B27A-40CAA367F64B}.Debug|x64.ActiveCfg = Debug|x64
		{2C85B1C9-4F5B-4B0F-B27A-40CAA367F64B}.Debug|x64.Build.0 = Debug|x64
		{2C85B1C9-4F5B-4B0F-B27A-40CAA367F64B}.Debug|x86.ActiveCfg = Debug|Win32
		{2C85B1C9-4F5B-4B0F-B27A-40CAA367F64B}.Debug|x86.Build.0 = Debug|Win32
		{2C85B1C9-4F5B-4B0F-B27A-40CAA367F64B}.Release|x64.ActiveCfg = Release|x64
		{2C85B1C9-4F5B-4B0F-B27A-40CAA367F64B}.Release|x64.Build.0 = Release|x64
		{2C85B1C9-4F5B-4B0F-B27A-40CAA367F64B}.Release|x86.ActiveCfg = Release|Win32
		{2C85B1C9-4F5B-4B0F-B27A-40CAA367F64B}.Release|x86.Build.0 = Release|Win32
		{8986B236-F596-4078-A070-4B4B16794CED}.Debug|x64.ActiveCfg = Debug|x64
		{8986B236-F596-4078-A070-4B4B16794CED}.Debug|x64.Build.0 = Debug|x64
		{8986B236-F596-4078-A070-4B4B16794CED}.Debug|x86.ActiveCfg = Debug|Win32
		{8986B236-F596-4078-A070-4B4B16794CED}.Debug|x86.Build.0 = Debug|Win32
		{8986B236-F596-4078-A070-4B4B16794CED}.Release|x64.ActiveCfg = Release|x64
		{8986B236-F596-4078-A070-4B4B16794CED}.Release|x64.Build.0 = Release|x64
		{8986B236-F596-4078-A070-4B4B16794CED}.Release|x86.ActiveCfg = Release|Win32
		{8986B236-F596-4078-A070-4B4B16794CED}.Release|x86.Build.0 = Release|Win32
		{B6F0B7BD-F759-4C63-BB64-477AF6DD03B5}.Debug|x64.ActiveCfg = Debug|x64
		{B6F0B7BD-F759-4C63-BB64-477AF6DD03B5}.Debug|x64.Build.0 = Debug|x64
		{B6F0B7BD-F759-4C63-BB64-477AF6DD03B5}.Debug|x86.ActiveCfg = Debug|Win32
		{B6F0B7BD-F759-4C63-BB64-477AF6DD03B5}.Debug|x86.Build.0 = Debug|Win32
		{B6F0B7BD-F759-4C63-BB64-477AF6DD03B5}.Release|x64.ActiveCfg = Release|x64
		{B6F0B7BD-F759-4C63-BB64-477AF6DD03B5}.Release|x64.Build.0 = Release|x64
		{B6F0B7BD-F759-4C63-BB64-477AF6DD03B5}.Release|x86.ActiveCfg = Release|Win32
		{B6F0B7BD-F759-4C63-BB64-477AF6DD03B5}.Release|x86.Build.0 = Release|Win32
		{6DE5FB40-6829-4088-ADDD-76D803C55E3F}.Debug|x64.ActiveCfg = Debug|x64
		{6DE5FB40-6829-4088-ADDD-76D803C55E3F}.Debug|x64.Build.0 = Debug|x64
		{6DE5FB40-6829-4088-ADDD-76D803C55E3F}.Debug|x86.ActiveCfg = Debug|Win32
		{6DE5FB40-6829-4088-ADDD-76D803C55E3F}.Debug|x86.Build.0 = Debug|Win32
		{6DE5FB40-6829-4088-ADDD-76D803C55E3F}.Release|x64.ActiveCfg = Release|x64
		{6DE5FB40-6829-4088-ADDD-76D803C55E3F}.Release|x64.Build.0 = Release|x64
		{6DE5FB40-6829-4088-ADDD-76D803C55E3F}.Release|x86.ActiveCfg = Release|Win32
		{6DE5FB40-6829-4088-ADDD-76D803C55E3F}.Release|x86.Build.0 = Release|Win32
		{044FBFD9-31F5-4D46-BA51-9A7D3541B93D}.Debug|x64.ActiveCfg = Debug|x64
		{044FBFD9-31F5-4D46-BA51-9A7D3541B93D}.Debug|x64.Build.0 = Debug|x64
		{044FBFD9-31F5-4D46-BA51-9A7D3541B93D}.Debug|x86.ActiveCfg = Debug|Win32
		{044FBFD9-31F5-4D46-BA51-9A7D3541B93D}.Debug|x86.Build.0 = Debug|Win32
		{044FBFD9-31F5-4D46-BA51-9A7D3541B93D}.Release|x64.ActiveCfg = Release|x64
		{044FBFD9-31F5-4D46-BA51-9A7D3541B93D}.Release|x64.Build.0 = Release|x64
		{044FBFD9-31F5-4D46-BA51-9A7D3541B93D}.Release|x86.ActiveCfg = Release|Win32
		{044FBFD9-31F5-4D46-BA51-9A7D3541B93D}.Release|x86.Build.0 = Release|Win32
		{1FB1FBE7-308D-4059-9DA4-39696FE0F163}.Debug|x64.ActiveCfg = Debug|x64
		{1FB1FBE7-308D-4059-9DA4-39696FE0F163}.Debug|x64.Build.0 = Debug|x64
		{1FB1FBE7-308D-4059-9DA4-39696FE0F163}.Debug|x86.ActiveCfg = Debug|Win32
		{1FB1FBE7-308D-4059-9DA4-39696FE0F163}.Debug|x86.Build.0 = Debug|Win32
		{1FB1FBE7-308D-4059-9DA4-39696FE0F163}.Release|x64.ActiveCfg = Release|x64
		{1FB1FBE7-308D-4059-9DA4-39696FE0F163}.Release|x64.Build.0 = Release|x64
		{1FB1FBE7-308D-4059-9DA4-39696FE0F163}.Release|x86.ActiveCfg = Release|Win32
		{1FB1FBE7-308D-4059-9DA4-39696FE0F163}.Release|x86.Build.0 = Release|Win32
		{A4EA1B13-9E28-4165-8904-94804D1942B5}.Debug|x64.ActiveCfg = Debug|x64
		{A4EA1B13-9E28-4165-8904-94804D1942B5}.Debug|x64.Build.0 = Debug|x64
		{A4EA1B13-9E28-4165-8904-94804D1942B5}.Debug|x86.ActiveCfg = Debug|Win32
		{A4EA1B13-9E28-4165-8904-94804D1942B5}.Debug|x86.Build.0 = Debug|Win32
		{A4EA1B13-9E28-4165-8904-94804D1942B5}.Release|x64.ActiveCfg = Release|x64
		{A4EA1B13-9E28-4165-8904-94804D1942B5}.Release|x64.Build.0 = Release|x64
		{A4EA1B13-9E28-4165-8904-94804D1942B5}.Release|x86.ActiveCfg = Release|Win32
		{A4EA1B13-9E28-4165-8904-94804D1942B5}.Release|x86.Build.0 = Release|Win32
		{28A96AD2-D11F-4EA8-9C6F-871E87AD936A}.Debug|x64.ActiveCfg = Debug|x64
		{28A96AD2-D11F-4EA8-9C6F-871E87AD936A}.Debug|x64.Build.0 = Debug|x64
		{28A96AD2-D11F-4EA8-9C6F-871E87AD936A}.Debug|x86.ActiveCfg = Debug|Win32
		{28A96AD2-D11F-4EA8-9C6F-871E87AD936A}.Debug|x86.Build.0 = Debug|Win32
		{28A96AD2-D11F-4EA8-9C6F-871E87AD936A}.Release|x64.ActiveCfg = Release|x64
		{28A96AD2-D11F-4EA8-9C6F-871E87AD936A}.Release|x64.Build.0 = Release|x64
		{28A96AD2-D11F-4EA8-9C6F-871E87AD936A}.Release|x86.ActiveCfg = Release|Win32
		{28A96AD2-D11F-4EA8-9C6F-871E87AD936A}.Release|x86.Build.0 = Release|Win32
		{21F4D7CD-58AC-40AB-945C-B5B399F960A2}.Debug|x64.ActiveCfg = Debug|x64
		{21F4D7CD-58AC-40AB-945C-B5B399F960A2}.Debug|x64.Build.0 = Debug|x64
		{21F4D7CD-58AC-40AB-945C-B5B399F960A2}.Debug|x86.ActiveCfg = Debug|Win32
		{21F4D7CD-58AC-40AB-945C-B5B399F960A2}.Debug|x86.Build.0 = Debug|Win32
		{21F4D7CD-58AC-40AB-945C-B5B399F960A2}.Release|x64.ActiveCfg = Release|x64
		{21F4D7CD-58AC-40AB-945C-B5B399F960A2}.Release|x64.Build.0 = Release|x64
		{21F4D7CD-58AC-40AB-945C-B5B399F960A2}.Release|x86.ActiveCfg = Release|Win32
		{21F4D7CD-58AC-40AB-945C-B5B399F960A2}.Release|x86.Build.0 = Release|Win32
		{AC3F83E1-5E96-489C-B0CA-B050756CD0AA}.Debug|x64.ActiveCfg = Debug|x64
		{AC3F83E1-5E96-489C-B0CA-B050756CD0AA}.Debug|x64.Build.0 = Debug|x64
		{AC3F83E1-5E96-489C-B0CA-B050756CD0AA}.Debug|x86.ActiveCfg = Debug|Win32
		{AC3F83E1-5E96-489C-B0CA-B050756CD0AA}.Debug|x86.Build.0 = Debug|Win32
		{AC3F83E1-5E96-489C-B0CA-B050756CD0AA}.Release|x64.ActiveCfg = Release|x64
		{AC3F83E1-5E96-489C-B0CA-B050756CD0AA}.Release|x64.Build.0 = Release|x64
		{AC3F83E1-5E96-489C-B0CA-B050756CD0AA}.Release|x86.ActiveCfg = Release|Win32
		{AC3F83E1-5E96-489C-B0CA-B050756CD0AA}.Release|x86.Build.0 = Release|Win32
		{D66778F1-D700-44A0-A071-A0D9D2BECF2A}.Debug|x64.ActiveCfg = Debug|x64
		{D66778F1-D700-44A0-A071-A0D9D2BECF2A}.Debug|x64.Build.0 = Debug|x64
		{D66778F1-D700-44A0-A071-A0D9D2BECF2A}.Debug|x86.ActiveCfg = Debug|Win32
		{D66778F1-D700-44A0-A071-A0D9D2BECF2A}.Debug|x86.Build.0 = Debug|Win32
		{D66778F1-D700-44A0-A071-A0D9D2BECF2A}.Release|x64.ActiveCfg = Release|x64
		{D66778F1-D700-44A0-A071-A0D9D2BECF2A}.Release|x64.Build.0 = Release|x64
		{D66778F1-D700-44A0-A071-A0D9D2BECF2A}.Release|x86.ActiveCfg = Release|Win32
		{D66778F1-D700-44A0-A071-A0D9D2BECF2A}.Release|x86.Build.0 = Release|Win32
	EndGlobalSection
	GlobalSection(SolutionProperties) = preSolution
		HideSolutionNode = FALSE
	EndGlobalSection
	GlobalSection(ExtensibilityGlobals) = postSolution
		SolutionGuid = {B118FE78-1703-4C71-81A8-CBFAA95EFA18}
	EndGlobalSection
EndGlobal
